// !$*UTF8*$!
{
	archiveVersion = 1;
	classes = {
	};
	objectVersion = 48;
	objects = {

/* Begin PBXBuildFile section */
		1356AD7E1FC9C47700BB4140 /* Localizable.strings in Resources */ = {isa = PBXBuildFile; fileRef = 1356AD751FC9C47700BB4140 /* Localizable.strings */; };
		1356AD7F1FC9C47700BB4140 /* InfoPlist.strings in Resources */ = {isa = PBXBuildFile; fileRef = 1356AD771FC9C47700BB4140 /* InfoPlist.strings */; };
		1356AD801FC9C47700BB4140 /* Localizable.strings in Resources */ = {isa = PBXBuildFile; fileRef = 1356AD7A1FC9C47700BB4140 /* Localizable.strings */; };
		1356AD811FC9C47700BB4140 /* InfoPlist.strings in Resources */ = {isa = PBXBuildFile; fileRef = 1356AD7C1FC9C47700BB4140 /* InfoPlist.strings */; };
		135870A41FD1A5F500DA226F /* Entity.swift in Sources */ = {isa = PBXBuildFile; fileRef = 135870A31FD1A5F500DA226F /* Entity.swift */; };
		137E1FC41FD1597300A1B38E /* AppDelegate.swift in Sources */ = {isa = PBXBuildFile; fileRef = 137E1FC31FD1597300A1B38E /* AppDelegate.swift */; };
		137E1FC71FD15B8400A1B38E /* FlickrAppUITests.swift in Sources */ = {isa = PBXBuildFile; fileRef = 137E1FC61FD15B8400A1B38E /* FlickrAppUITests.swift */; };
		137E1FD11FD15BA000A1B38E /* SearchResultViewModelTests.swift in Sources */ = {isa = PBXBuildFile; fileRef = 137E1FC91FD15B9F00A1B38E /* SearchResultViewModelTests.swift */; };
		137E1FD21FD15BA000A1B38E /* BaseViewModelTestCase.swift in Sources */ = {isa = PBXBuildFile; fileRef = 137E1FCA1FD15B9F00A1B38E /* BaseViewModelTestCase.swift */; };
		137E1FD31FD15BA000A1B38E /* ExpectationTests.swift in Sources */ = {isa = PBXBuildFile; fileRef = 137E1FCB1FD15B9F00A1B38E /* ExpectationTests.swift */; };
		137E1FD41FD15BA000A1B38E /* ImageViewModelTests.swift in Sources */ = {isa = PBXBuildFile; fileRef = 137E1FCC1FD15B9F00A1B38E /* ImageViewModelTests.swift */; };
		137E1FD51FD15BA000A1B38E /* PopularFeedsViewModelTests.swift in Sources */ = {isa = PBXBuildFile; fileRef = 137E1FCD1FD15BA000A1B38E /* PopularFeedsViewModelTests.swift */; };
		137E1FD61FD15BA000A1B38E /* SearchAttemptViewModelTests.swift in Sources */ = {isa = PBXBuildFile; fileRef = 137E1FCE1FD15BA000A1B38E /* SearchAttemptViewModelTests.swift */; };
		137E1FD71FD15BA000A1B38E /* PerformanceTests.swift in Sources */ = {isa = PBXBuildFile; fileRef = 137E1FCF1FD15BA000A1B38E /* PerformanceTests.swift */; };
		137E1FD81FD15BA000A1B38E /* SearchViewModelTests.swift in Sources */ = {isa = PBXBuildFile; fileRef = 137E1FD01FD15BA000A1B38E /* SearchViewModelTests.swift */; };
		137E1FDA1FD15DFA00A1B38E /* RLMSupport.swift in Sources */ = {isa = PBXBuildFile; fileRef = 137E1FD91FD15DFA00A1B38E /* RLMSupport.swift */; };
		137E1FDE1FD1604800A1B38E /* SearchAttempt.swift in Sources */ = {isa = PBXBuildFile; fileRef = 137E1FDB1FD1604700A1B38E /* SearchAttempt.swift */; };
		137E1FDF1FD1604800A1B38E /* Feed.swift in Sources */ = {isa = PBXBuildFile; fileRef = 137E1FDC1FD1604700A1B38E /* Feed.swift */; };
		137E1FE01FD1604800A1B38E /* Photo.swift in Sources */ = {isa = PBXBuildFile; fileRef = 137E1FDD1FD1604700A1B38E /* Photo.swift */; };
		137E1FE61FD1605C00A1B38E /* RemoteFetcher.swift in Sources */ = {isa = PBXBuildFile; fileRef = 137E1FE21FD1605C00A1B38E /* RemoteFetcher.swift */; };
		137E1FE71FD1605C00A1B38E /* FeedFetcher.swift in Sources */ = {isa = PBXBuildFile; fileRef = 137E1FE31FD1605C00A1B38E /* FeedFetcher.swift */; };
		137E1FE81FD1605C00A1B38E /* PhotoFetcher.swift in Sources */ = {isa = PBXBuildFile; fileRef = 137E1FE41FD1605C00A1B38E /* PhotoFetcher.swift */; };
		137E1FEB1FD1609100A1B38E /* ImageCell.swift in Sources */ = {isa = PBXBuildFile; fileRef = 137E1FE91FD1609000A1B38E /* ImageCell.swift */; };
		137E1FEC1FD1609100A1B38E /* SearchAttemptCell.swift in Sources */ = {isa = PBXBuildFile; fileRef = 137E1FEA1FD1609100A1B38E /* SearchAttemptCell.swift */; };
		137E1FEF1FD1609C00A1B38E /* UserDefaults.swift in Sources */ = {isa = PBXBuildFile; fileRef = 137E1FED1FD1609B00A1B38E /* UserDefaults.swift */; };
		137E1FF01FD1609C00A1B38E /* Language.swift in Sources */ = {isa = PBXBuildFile; fileRef = 137E1FEE1FD1609C00A1B38E /* Language.swift */; };
		137E1FF81FD160A800A1B38E /* ImageViewModel.swift in Sources */ = {isa = PBXBuildFile; fileRef = 137E1FF11FD160A600A1B38E /* ImageViewModel.swift */; };
		137E1FF91FD160A800A1B38E /* ImageListViewModel.swift in Sources */ = {isa = PBXBuildFile; fileRef = 137E1FF21FD160A700A1B38E /* ImageListViewModel.swift */; };
		137E1FFA1FD160A800A1B38E /* SearchResultViewModel.swift in Sources */ = {isa = PBXBuildFile; fileRef = 137E1FF31FD160A700A1B38E /* SearchResultViewModel.swift */; };
		137E1FFB1FD160A800A1B38E /* SearchViewModel.swift in Sources */ = {isa = PBXBuildFile; fileRef = 137E1FF41FD160A700A1B38E /* SearchViewModel.swift */; };
		137E1FFC1FD160A800A1B38E /* PopularFeedsViewModel.swift in Sources */ = {isa = PBXBuildFile; fileRef = 137E1FF51FD160A700A1B38E /* PopularFeedsViewModel.swift */; };
		137E1FFD1FD160A800A1B38E /* BaseViewModel.swift in Sources */ = {isa = PBXBuildFile; fileRef = 137E1FF61FD160A700A1B38E /* BaseViewModel.swift */; };
		137E1FFE1FD160A800A1B38E /* SearchAttemptViewModel.swift in Sources */ = {isa = PBXBuildFile; fileRef = 137E1FF71FD160A800A1B38E /* SearchAttemptViewModel.swift */; };
		137E20041FD160B700A1B38E /* ImageListViewController.swift in Sources */ = {isa = PBXBuildFile; fileRef = 137E1FFF1FD160B600A1B38E /* ImageListViewController.swift */; };
		137E20051FD160B700A1B38E /* SearchViewController.swift in Sources */ = {isa = PBXBuildFile; fileRef = 137E20001FD160B600A1B38E /* SearchViewController.swift */; };
		137E20061FD160B700A1B38E /* PopularFeedsViewController.swift in Sources */ = {isa = PBXBuildFile; fileRef = 137E20011FD160B600A1B38E /* PopularFeedsViewController.swift */; };
		137E20071FD160B700A1B38E /* SearchResultViewController.swift in Sources */ = {isa = PBXBuildFile; fileRef = 137E20021FD160B600A1B38E /* SearchResultViewController.swift */; };
		137E20081FD160B700A1B38E /* UIViewController+LoadingView.swift in Sources */ = {isa = PBXBuildFile; fileRef = 137E20031FD160B700A1B38E /* UIViewController+LoadingView.swift */; };
		137E202A1FD1667300A1B38E /* MyLocalizedString.swift in Sources */ = {isa = PBXBuildFile; fileRef = 137E20291FD1667300A1B38E /* MyLocalizedString.swift */; };
		13E0A4711FC6F0C500B70863 /* Assets.xcassets in Resources */ = {isa = PBXBuildFile; fileRef = 13E0A4701FC6F0C500B70863 /* Assets.xcassets */; };
		13E0A49B1FC6FE6F00B70863 /* Images.xcassets in Resources */ = {isa = PBXBuildFile; fileRef = 13E0A49A1FC6FE6F00B70863 /* Images.xcassets */; };
		13E0A4CE1FC7145300B70863 /* LaunchScreen.storyboard in Resources */ = {isa = PBXBuildFile; fileRef = 13E0A4CC1FC7145200B70863 /* LaunchScreen.storyboard */; };
		13E0A4CF1FC7145300B70863 /* Main.storyboard in Resources */ = {isa = PBXBuildFile; fileRef = 13E0A4CD1FC7145300B70863 /* Main.storyboard */; };
		444712CA06D0B5E855EB0A25 /* Pods_FlickrAppUITests.framework in Frameworks */ = {isa = PBXBuildFile; fileRef = 852C51159AA6E6626A995610 /* Pods_FlickrAppUITests.framework */; };
		B85B16259F72AE6E564174B3 /* Pods_FlickrApp.framework in Frameworks */ = {isa = PBXBuildFile; fileRef = C210D291EBD63DEC547CC8E2 /* Pods_FlickrApp.framework */; };
		C94E9F08E28BB7C065FB1FC2 /* Pods_FlickrAppTests.framework in Frameworks */ = {isa = PBXBuildFile; fileRef = E665DC959B0DC3BEBDB86032 /* Pods_FlickrAppTests.framework */; };
/* End PBXBuildFile section */

/* Begin PBXContainerItemProxy section */
		13E0A4861FC6F2E100B70863 /* PBXContainerItemProxy */ = {
			isa = PBXContainerItemProxy;
			containerPortal = 13E0A45C1FC6F0C500B70863 /* Project object */;
			proxyType = 1;
			remoteGlobalIDString = 13E0A4631FC6F0C500B70863;
			remoteInfo = FlickrApp;
		};
		13E0A4941FC6F2FA00B70863 /* PBXContainerItemProxy */ = {
			isa = PBXContainerItemProxy;
			containerPortal = 13E0A45C1FC6F0C500B70863 /* Project object */;
			proxyType = 1;
			remoteGlobalIDString = 13E0A4631FC6F0C500B70863;
			remoteInfo = FlickrApp;
		};
/* End PBXContainerItemProxy section */

/* Begin PBXFileReference section */
		1356AD761FC9C47700BB4140 /* en */ = {isa = PBXFileReference; lastKnownFileType = text.plist.strings; name = en; path = Localizable.strings; sourceTree = "<group>"; };
		1356AD781FC9C47700BB4140 /* en */ = {isa = PBXFileReference; lastKnownFileType = text.plist.strings; name = en; path = InfoPlist.strings; sourceTree = "<group>"; };
		1356AD7B1FC9C47700BB4140 /* ru */ = {isa = PBXFileReference; lastKnownFileType = text.plist.strings; name = ru; path = Localizable.strings; sourceTree = "<group>"; };
		1356AD7D1FC9C47700BB4140 /* ru */ = {isa = PBXFileReference; lastKnownFileType = text.plist.strings; name = ru; path = InfoPlist.strings; sourceTree = "<group>"; };
		1356AD851FC9C65F00BB4140 /* Info.plist */ = {isa = PBXFileReference; fileEncoding = 4; lastKnownFileType = text.plist.xml; path = Info.plist; sourceTree = "<group>"; };
		1356AD9F1FCB991B00BB4140 /* Photos.framework */ = {isa = PBXFileReference; lastKnownFileType = wrapper.framework; name = Photos.framework; path = System/Library/Frameworks/Photos.framework; sourceTree = SDKROOT; };
		135870A31FD1A5F500DA226F /* Entity.swift */ = {isa = PBXFileReference; lastKnownFileType = sourcecode.swift; path = Entity.swift; sourceTree = "<group>"; };
		137E1FC21FD1597200A1B38E /* FlickrApp-Bridging-Header.h */ = {isa = PBXFileReference; lastKnownFileType = sourcecode.c.h; path = "FlickrApp-Bridging-Header.h"; sourceTree = "<group>"; };
		137E1FC31FD1597300A1B38E /* AppDelegate.swift */ = {isa = PBXFileReference; fileEncoding = 4; lastKnownFileType = sourcecode.swift; path = AppDelegate.swift; sourceTree = "<group>"; };
		137E1FC51FD15B8300A1B38E /* FlickrAppUITests-Bridging-Header.h */ = {isa = PBXFileReference; lastKnownFileType = sourcecode.c.h; path = "FlickrAppUITests-Bridging-Header.h"; sourceTree = "<group>"; };
		137E1FC61FD15B8400A1B38E /* FlickrAppUITests.swift */ = {isa = PBXFileReference; fileEncoding = 4; lastKnownFileType = sourcecode.swift; path = FlickrAppUITests.swift; sourceTree = "<group>"; };
		137E1FC81FD15B9E00A1B38E /* FlickrAppTests-Bridging-Header.h */ = {isa = PBXFileReference; lastKnownFileType = sourcecode.c.h; path = "FlickrAppTests-Bridging-Header.h"; sourceTree = "<group>"; };
		137E1FC91FD15B9F00A1B38E /* SearchResultViewModelTests.swift */ = {isa = PBXFileReference; fileEncoding = 4; lastKnownFileType = sourcecode.swift; path = SearchResultViewModelTests.swift; sourceTree = "<group>"; };
		137E1FCA1FD15B9F00A1B38E /* BaseViewModelTestCase.swift */ = {isa = PBXFileReference; fileEncoding = 4; lastKnownFileType = sourcecode.swift; path = BaseViewModelTestCase.swift; sourceTree = "<group>"; };
		137E1FCB1FD15B9F00A1B38E /* ExpectationTests.swift */ = {isa = PBXFileReference; fileEncoding = 4; lastKnownFileType = sourcecode.swift; path = ExpectationTests.swift; sourceTree = "<group>"; };
		137E1FCC1FD15B9F00A1B38E /* ImageViewModelTests.swift */ = {isa = PBXFileReference; fileEncoding = 4; lastKnownFileType = sourcecode.swift; path = ImageViewModelTests.swift; sourceTree = "<group>"; };
		137E1FCD1FD15BA000A1B38E /* PopularFeedsViewModelTests.swift */ = {isa = PBXFileReference; fileEncoding = 4; lastKnownFileType = sourcecode.swift; path = PopularFeedsViewModelTests.swift; sourceTree = "<group>"; };
		137E1FCE1FD15BA000A1B38E /* SearchAttemptViewModelTests.swift */ = {isa = PBXFileReference; fileEncoding = 4; lastKnownFileType = sourcecode.swift; path = SearchAttemptViewModelTests.swift; sourceTree = "<group>"; };
		137E1FCF1FD15BA000A1B38E /* PerformanceTests.swift */ = {isa = PBXFileReference; fileEncoding = 4; lastKnownFileType = sourcecode.swift; path = PerformanceTests.swift; sourceTree = "<group>"; };
		137E1FD01FD15BA000A1B38E /* SearchViewModelTests.swift */ = {isa = PBXFileReference; fileEncoding = 4; lastKnownFileType = sourcecode.swift; path = SearchViewModelTests.swift; sourceTree = "<group>"; };
		137E1FD91FD15DFA00A1B38E /* RLMSupport.swift */ = {isa = PBXFileReference; fileEncoding = 4; lastKnownFileType = sourcecode.swift; path = RLMSupport.swift; sourceTree = "<group>"; };
		137E1FDB1FD1604700A1B38E /* SearchAttempt.swift */ = {isa = PBXFileReference; fileEncoding = 4; lastKnownFileType = sourcecode.swift; path = SearchAttempt.swift; sourceTree = "<group>"; };
		137E1FDC1FD1604700A1B38E /* Feed.swift */ = {isa = PBXFileReference; fileEncoding = 4; lastKnownFileType = sourcecode.swift; path = Feed.swift; sourceTree = "<group>"; };
		137E1FDD1FD1604700A1B38E /* Photo.swift */ = {isa = PBXFileReference; fileEncoding = 4; lastKnownFileType = sourcecode.swift; path = Photo.swift; sourceTree = "<group>"; };
		137E1FE21FD1605C00A1B38E /* RemoteFetcher.swift */ = {isa = PBXFileReference; fileEncoding = 4; lastKnownFileType = sourcecode.swift; path = RemoteFetcher.swift; sourceTree = "<group>"; };
		137E1FE31FD1605C00A1B38E /* FeedFetcher.swift */ = {isa = PBXFileReference; fileEncoding = 4; lastKnownFileType = sourcecode.swift; path = FeedFetcher.swift; sourceTree = "<group>"; };
		137E1FE41FD1605C00A1B38E /* PhotoFetcher.swift */ = {isa = PBXFileReference; fileEncoding = 4; lastKnownFileType = sourcecode.swift; path = PhotoFetcher.swift; sourceTree = "<group>"; };
		137E1FE91FD1609000A1B38E /* ImageCell.swift */ = {isa = PBXFileReference; fileEncoding = 4; lastKnownFileType = sourcecode.swift; path = ImageCell.swift; sourceTree = "<group>"; };
		137E1FEA1FD1609100A1B38E /* SearchAttemptCell.swift */ = {isa = PBXFileReference; fileEncoding = 4; lastKnownFileType = sourcecode.swift; path = SearchAttemptCell.swift; sourceTree = "<group>"; };
		137E1FED1FD1609B00A1B38E /* UserDefaults.swift */ = {isa = PBXFileReference; fileEncoding = 4; lastKnownFileType = sourcecode.swift; path = UserDefaults.swift; sourceTree = "<group>"; };
		137E1FEE1FD1609C00A1B38E /* Language.swift */ = {isa = PBXFileReference; fileEncoding = 4; lastKnownFileType = sourcecode.swift; path = Language.swift; sourceTree = "<group>"; };
		137E1FF11FD160A600A1B38E /* ImageViewModel.swift */ = {isa = PBXFileReference; fileEncoding = 4; lastKnownFileType = sourcecode.swift; path = ImageViewModel.swift; sourceTree = "<group>"; };
		137E1FF21FD160A700A1B38E /* ImageListViewModel.swift */ = {isa = PBXFileReference; fileEncoding = 4; lastKnownFileType = sourcecode.swift; path = ImageListViewModel.swift; sourceTree = "<group>"; };
		137E1FF31FD160A700A1B38E /* SearchResultViewModel.swift */ = {isa = PBXFileReference; fileEncoding = 4; lastKnownFileType = sourcecode.swift; path = SearchResultViewModel.swift; sourceTree = "<group>"; };
		137E1FF41FD160A700A1B38E /* SearchViewModel.swift */ = {isa = PBXFileReference; fileEncoding = 4; lastKnownFileType = sourcecode.swift; path = SearchViewModel.swift; sourceTree = "<group>"; };
		137E1FF51FD160A700A1B38E /* PopularFeedsViewModel.swift */ = {isa = PBXFileReference; fileEncoding = 4; lastKnownFileType = sourcecode.swift; path = PopularFeedsViewModel.swift; sourceTree = "<group>"; };
		137E1FF61FD160A700A1B38E /* BaseViewModel.swift */ = {isa = PBXFileReference; fileEncoding = 4; lastKnownFileType = sourcecode.swift; path = BaseViewModel.swift; sourceTree = "<group>"; };
		137E1FF71FD160A800A1B38E /* SearchAttemptViewModel.swift */ = {isa = PBXFileReference; fileEncoding = 4; lastKnownFileType = sourcecode.swift; path = SearchAttemptViewModel.swift; sourceTree = "<group>"; };
		137E1FFF1FD160B600A1B38E /* ImageListViewController.swift */ = {isa = PBXFileReference; fileEncoding = 4; lastKnownFileType = sourcecode.swift; path = ImageListViewController.swift; sourceTree = "<group>"; };
		137E20001FD160B600A1B38E /* SearchViewController.swift */ = {isa = PBXFileReference; fileEncoding = 4; lastKnownFileType = sourcecode.swift; path = SearchViewController.swift; sourceTree = "<group>"; };
		137E20011FD160B600A1B38E /* PopularFeedsViewController.swift */ = {isa = PBXFileReference; fileEncoding = 4; lastKnownFileType = sourcecode.swift; path = PopularFeedsViewController.swift; sourceTree = "<group>"; };
		137E20021FD160B600A1B38E /* SearchResultViewController.swift */ = {isa = PBXFileReference; fileEncoding = 4; lastKnownFileType = sourcecode.swift; path = SearchResultViewController.swift; sourceTree = "<group>"; };
		137E20031FD160B700A1B38E /* UIViewController+LoadingView.swift */ = {isa = PBXFileReference; fileEncoding = 4; lastKnownFileType = sourcecode.swift; path = "UIViewController+LoadingView.swift"; sourceTree = "<group>"; };
		137E20291FD1667300A1B38E /* MyLocalizedString.swift */ = {isa = PBXFileReference; lastKnownFileType = sourcecode.swift; path = MyLocalizedString.swift; sourceTree = "<group>"; };
		13E0A4641FC6F0C500B70863 /* FlickrApp.app */ = {isa = PBXFileReference; explicitFileType = wrapper.application; includeInIndex = 0; path = FlickrApp.app; sourceTree = BUILT_PRODUCTS_DIR; };
		13E0A4701FC6F0C500B70863 /* Assets.xcassets */ = {isa = PBXFileReference; lastKnownFileType = folder.assetcatalog; path = Assets.xcassets; sourceTree = "<group>"; };
		13E0A4811FC6F2E100B70863 /* FlickrAppUITests.xctest */ = {isa = PBXFileReference; explicitFileType = wrapper.cfbundle; includeInIndex = 0; path = FlickrAppUITests.xctest; sourceTree = BUILT_PRODUCTS_DIR; };
		13E0A4851FC6F2E100B70863 /* Info.plist */ = {isa = PBXFileReference; lastKnownFileType = text.plist.xml; path = Info.plist; sourceTree = "<group>"; };
		13E0A48F1FC6F2FA00B70863 /* FlickrAppTests.xctest */ = {isa = PBXFileReference; explicitFileType = wrapper.cfbundle; includeInIndex = 0; path = FlickrAppTests.xctest; sourceTree = BUILT_PRODUCTS_DIR; };
		13E0A4931FC6F2FA00B70863 /* Info.plist */ = {isa = PBXFileReference; lastKnownFileType = text.plist.xml; path = Info.plist; sourceTree = "<group>"; };
		13E0A49A1FC6FE6F00B70863 /* Images.xcassets */ = {isa = PBXFileReference; lastKnownFileType = folder.assetcatalog; path = Images.xcassets; sourceTree = "<group>"; };
		13E0A4CC1FC7145200B70863 /* LaunchScreen.storyboard */ = {isa = PBXFileReference; fileEncoding = 4; lastKnownFileType = file.storyboard; path = LaunchScreen.storyboard; sourceTree = "<group>"; };
		13E0A4CD1FC7145300B70863 /* Main.storyboard */ = {isa = PBXFileReference; fileEncoding = 4; lastKnownFileType = file.storyboard; path = Main.storyboard; sourceTree = "<group>"; };
		31BE269C12191A57D977E74A /* Pods-FlickrAppUITests.release.xcconfig */ = {isa = PBXFileReference; includeInIndex = 1; lastKnownFileType = text.xcconfig; name = "Pods-FlickrAppUITests.release.xcconfig"; path = "Pods/Target Support Files/Pods-FlickrAppUITests/Pods-FlickrAppUITests.release.xcconfig"; sourceTree = "<group>"; };
		353E9AB82244D977022F96E8 /* Pods-FlickrApp.release.xcconfig */ = {isa = PBXFileReference; includeInIndex = 1; lastKnownFileType = text.xcconfig; name = "Pods-FlickrApp.release.xcconfig"; path = "Pods/Target Support Files/Pods-FlickrApp/Pods-FlickrApp.release.xcconfig"; sourceTree = "<group>"; };
		83936F7B9186ED871B2BA78C /* Pods-FlickrAppTests.debug.xcconfig */ = {isa = PBXFileReference; includeInIndex = 1; lastKnownFileType = text.xcconfig; name = "Pods-FlickrAppTests.debug.xcconfig"; path = "Pods/Target Support Files/Pods-FlickrAppTests/Pods-FlickrAppTests.debug.xcconfig"; sourceTree = "<group>"; };
		852C51159AA6E6626A995610 /* Pods_FlickrAppUITests.framework */ = {isa = PBXFileReference; explicitFileType = wrapper.framework; includeInIndex = 0; path = Pods_FlickrAppUITests.framework; sourceTree = BUILT_PRODUCTS_DIR; };
		C210D291EBD63DEC547CC8E2 /* Pods_FlickrApp.framework */ = {isa = PBXFileReference; explicitFileType = wrapper.framework; includeInIndex = 0; path = Pods_FlickrApp.framework; sourceTree = BUILT_PRODUCTS_DIR; };
		C22B212E78EDF599CA0CF684 /* Pods-FlickrApp.debug.xcconfig */ = {isa = PBXFileReference; includeInIndex = 1; lastKnownFileType = text.xcconfig; name = "Pods-FlickrApp.debug.xcconfig"; path = "Pods/Target Support Files/Pods-FlickrApp/Pods-FlickrApp.debug.xcconfig"; sourceTree = "<group>"; };
		DCC733742408CB007EE68B99 /* Pods-FlickrAppUITests.debug.xcconfig */ = {isa = PBXFileReference; includeInIndex = 1; lastKnownFileType = text.xcconfig; name = "Pods-FlickrAppUITests.debug.xcconfig"; path = "Pods/Target Support Files/Pods-FlickrAppUITests/Pods-FlickrAppUITests.debug.xcconfig"; sourceTree = "<group>"; };
		E665DC959B0DC3BEBDB86032 /* Pods_FlickrAppTests.framework */ = {isa = PBXFileReference; explicitFileType = wrapper.framework; includeInIndex = 0; path = Pods_FlickrAppTests.framework; sourceTree = BUILT_PRODUCTS_DIR; };
		E9A49CC263C740EF5ED7897B /* Pods-FlickrAppTests.release.xcconfig */ = {isa = PBXFileReference; includeInIndex = 1; lastKnownFileType = text.xcconfig; name = "Pods-FlickrAppTests.release.xcconfig"; path = "Pods/Target Support Files/Pods-FlickrAppTests/Pods-FlickrAppTests.release.xcconfig"; sourceTree = "<group>"; };
/* End PBXFileReference section */

/* Begin PBXFrameworksBuildPhase section */
		13E0A4611FC6F0C500B70863 /* Frameworks */ = {
			isa = PBXFrameworksBuildPhase;
			buildActionMask = 2147483647;
			files = (
				B85B16259F72AE6E564174B3 /* Pods_FlickrApp.framework in Frameworks */,
			);
			runOnlyForDeploymentPostprocessing = 0;
		};
		13E0A47E1FC6F2E100B70863 /* Frameworks */ = {
			isa = PBXFrameworksBuildPhase;
			buildActionMask = 2147483647;
			files = (
				444712CA06D0B5E855EB0A25 /* Pods_FlickrAppUITests.framework in Frameworks */,
			);
			runOnlyForDeploymentPostprocessing = 0;
		};
		13E0A48C1FC6F2FA00B70863 /* Frameworks */ = {
			isa = PBXFrameworksBuildPhase;
			buildActionMask = 2147483647;
			files = (
				C94E9F08E28BB7C065FB1FC2 /* Pods_FlickrAppTests.framework in Frameworks */,
			);
			runOnlyForDeploymentPostprocessing = 0;
		};
/* End PBXFrameworksBuildPhase section */

/* Begin PBXGroup section */
		1356AD741FC9C47700BB4140 /* en.lproj */ = {
			isa = PBXGroup;
			children = (
				1356AD751FC9C47700BB4140 /* Localizable.strings */,
				1356AD771FC9C47700BB4140 /* InfoPlist.strings */,
			);
			path = en.lproj;
			sourceTree = "<group>";
		};
		1356AD791FC9C47700BB4140 /* ru.lproj */ = {
			isa = PBXGroup;
			children = (
				1356AD7A1FC9C47700BB4140 /* Localizable.strings */,
				1356AD7C1FC9C47700BB4140 /* InfoPlist.strings */,
			);
			path = ru.lproj;
			sourceTree = "<group>";
		};
		1356AD821FC9C58800BB4140 /* Supporting Files */ = {
			isa = PBXGroup;
			children = (
				1356AD851FC9C65F00BB4140 /* Info.plist */,
			);
			name = "Supporting Files";
			sourceTree = "<group>";
		};
		1356AD9B1FCB78A800BB4140 /* ViewModels */ = {
			isa = PBXGroup;
			children = (
				137E1FF61FD160A700A1B38E /* BaseViewModel.swift */,
				137E1FF21FD160A700A1B38E /* ImageListViewModel.swift */,
				137E1FF11FD160A600A1B38E /* ImageViewModel.swift */,
				137E1FF51FD160A700A1B38E /* PopularFeedsViewModel.swift */,
				137E1FF71FD160A800A1B38E /* SearchAttemptViewModel.swift */,
				137E1FF31FD160A700A1B38E /* SearchResultViewModel.swift */,
				137E1FF41FD160A700A1B38E /* SearchViewModel.swift */,
			);
			path = ViewModels;
			sourceTree = "<group>";
		};
		13E0A45B1FC6F0C500B70863 = {
			isa = PBXGroup;
			children = (
				13E0A4661FC6F0C500B70863 /* FlickrApp */,
				13E0A4821FC6F2E100B70863 /* FlickrAppUITests */,
				13E0A4901FC6F2FA00B70863 /* FlickrAppTests */,
				13E0A4651FC6F0C500B70863 /* Products */,
				EEB381CF6C0C95468B651E0E /* Pods */,
				8460ADFF287CBEAB8213997F /* Frameworks */,
			);
			sourceTree = "<group>";
		};
		13E0A4651FC6F0C500B70863 /* Products */ = {
			isa = PBXGroup;
			children = (
				13E0A4641FC6F0C500B70863 /* FlickrApp.app */,
				13E0A4811FC6F2E100B70863 /* FlickrAppUITests.xctest */,
				13E0A48F1FC6F2FA00B70863 /* FlickrAppTests.xctest */,
			);
			name = Products;
			sourceTree = "<group>";
		};
		13E0A4661FC6F0C500B70863 /* FlickrApp */ = {
			isa = PBXGroup;
			children = (
				137E1FC31FD1597300A1B38E /* AppDelegate.swift */,
				1356AD741FC9C47700BB4140 /* en.lproj */,
				1356AD791FC9C47700BB4140 /* ru.lproj */,
				13E0A4B91FC7083400B70863 /* Cells */,
				13E0A4AF1FC7083400B70863 /* Configuration */,
				1356AD9B1FCB78A800BB4140 /* ViewModels */,
				13E0A4B41FC7083400B70863 /* ViewControllers */,
				13E0A49C1FC7083300B70863 /* Entities */,
				13E0A4A31FC7083300B70863 /* Network */,
				13E0A4AD1FC7083300B70863 /* Storyboards */,
				13E0A4701FC6F0C500B70863 /* Assets.xcassets */,
				1356AD821FC9C58800BB4140 /* Supporting Files */,
				13E0A49A1FC6FE6F00B70863 /* Images.xcassets */,
				137E1FC21FD1597200A1B38E /* FlickrApp-Bridging-Header.h */,
			);
			path = FlickrApp;
			sourceTree = "<group>";
		};
		13E0A4821FC6F2E100B70863 /* FlickrAppUITests */ = {
			isa = PBXGroup;
			children = (
				137E1FC61FD15B8400A1B38E /* FlickrAppUITests.swift */,
				13E0A4851FC6F2E100B70863 /* Info.plist */,
				137E1FC51FD15B8300A1B38E /* FlickrAppUITests-Bridging-Header.h */,
			);
			path = FlickrAppUITests;
			sourceTree = "<group>";
		};
		13E0A4901FC6F2FA00B70863 /* FlickrAppTests */ = {
			isa = PBXGroup;
			children = (
				137E1FCA1FD15B9F00A1B38E /* BaseViewModelTestCase.swift */,
				137E1FCB1FD15B9F00A1B38E /* ExpectationTests.swift */,
				137E1FCC1FD15B9F00A1B38E /* ImageViewModelTests.swift */,
				137E1FCF1FD15BA000A1B38E /* PerformanceTests.swift */,
				137E1FCD1FD15BA000A1B38E /* PopularFeedsViewModelTests.swift */,
				137E1FCE1FD15BA000A1B38E /* SearchAttemptViewModelTests.swift */,
				137E1FC91FD15B9F00A1B38E /* SearchResultViewModelTests.swift */,
				137E1FD01FD15BA000A1B38E /* SearchViewModelTests.swift */,
				13E0A4931FC6F2FA00B70863 /* Info.plist */,
				137E1FC81FD15B9E00A1B38E /* FlickrAppTests-Bridging-Header.h */,
			);
			path = FlickrAppTests;
			sourceTree = "<group>";
		};
		13E0A49C1FC7083300B70863 /* Entities */ = {
			isa = PBXGroup;
			children = (
				137E1FDC1FD1604700A1B38E /* Feed.swift */,
				137E1FDD1FD1604700A1B38E /* Photo.swift */,
				137E1FDB1FD1604700A1B38E /* SearchAttempt.swift */,
				137E1FD91FD15DFA00A1B38E /* RLMSupport.swift */,
				135870A31FD1A5F500DA226F /* Entity.swift */,
			);
			path = Entities;
			sourceTree = "<group>";
		};
		13E0A4A31FC7083300B70863 /* Network */ = {
			isa = PBXGroup;
			children = (
				137E1FE31FD1605C00A1B38E /* FeedFetcher.swift */,
				137E1FE41FD1605C00A1B38E /* PhotoFetcher.swift */,
				137E1FE21FD1605C00A1B38E /* RemoteFetcher.swift */,
			);
			path = Network;
			sourceTree = "<group>";
		};
		13E0A4AD1FC7083300B70863 /* Storyboards */ = {
			isa = PBXGroup;
			children = (
				13E0A4CC1FC7145200B70863 /* LaunchScreen.storyboard */,
				13E0A4CD1FC7145300B70863 /* Main.storyboard */,
			);
			path = Storyboards;
			sourceTree = "<group>";
		};
		13E0A4AF1FC7083400B70863 /* Configuration */ = {
			isa = PBXGroup;
			children = (
				137E1FEE1FD1609C00A1B38E /* Language.swift */,
				137E1FED1FD1609B00A1B38E /* UserDefaults.swift */,
				137E20291FD1667300A1B38E /* MyLocalizedString.swift */,
			);
			path = Configuration;
			sourceTree = "<group>";
		};
		13E0A4B41FC7083400B70863 /* ViewControllers */ = {
			isa = PBXGroup;
			children = (
				137E1FFF1FD160B600A1B38E /* ImageListViewController.swift */,
				137E20011FD160B600A1B38E /* PopularFeedsViewController.swift */,
				137E20021FD160B600A1B38E /* SearchResultViewController.swift */,
				137E20001FD160B600A1B38E /* SearchViewController.swift */,
				137E20031FD160B700A1B38E /* UIViewController+LoadingView.swift */,
			);
			path = ViewControllers;
			sourceTree = "<group>";
		};
		13E0A4B91FC7083400B70863 /* Cells */ = {
			isa = PBXGroup;
			children = (
				137E1FE91FD1609000A1B38E /* ImageCell.swift */,
				137E1FEA1FD1609100A1B38E /* SearchAttemptCell.swift */,
			);
			path = Cells;
			sourceTree = "<group>";
		};
		8460ADFF287CBEAB8213997F /* Frameworks */ = {
			isa = PBXGroup;
			children = (
				1356AD9F1FCB991B00BB4140 /* Photos.framework */,
				C210D291EBD63DEC547CC8E2 /* Pods_FlickrApp.framework */,
				E665DC959B0DC3BEBDB86032 /* Pods_FlickrAppTests.framework */,
				852C51159AA6E6626A995610 /* Pods_FlickrAppUITests.framework */,
			);
			name = Frameworks;
			sourceTree = "<group>";
		};
		EEB381CF6C0C95468B651E0E /* Pods */ = {
			isa = PBXGroup;
			children = (
				C22B212E78EDF599CA0CF684 /* Pods-FlickrApp.debug.xcconfig */,
				353E9AB82244D977022F96E8 /* Pods-FlickrApp.release.xcconfig */,
				83936F7B9186ED871B2BA78C /* Pods-FlickrAppTests.debug.xcconfig */,
				E9A49CC263C740EF5ED7897B /* Pods-FlickrAppTests.release.xcconfig */,
				DCC733742408CB007EE68B99 /* Pods-FlickrAppUITests.debug.xcconfig */,
				31BE269C12191A57D977E74A /* Pods-FlickrAppUITests.release.xcconfig */,
			);
			name = Pods;
			sourceTree = "<group>";
		};
/* End PBXGroup section */

/* Begin PBXNativeTarget section */
		13E0A4631FC6F0C500B70863 /* FlickrApp */ = {
			isa = PBXNativeTarget;
			buildConfigurationList = 13E0A47A1FC6F0C500B70863 /* Build configuration list for PBXNativeTarget "FlickrApp" */;
			buildPhases = (
				98F2EC41DD3302F483008922 /* [CP] Check Pods Manifest.lock */,
				13E0A4601FC6F0C500B70863 /* Sources */,
				13E0A4611FC6F0C500B70863 /* Frameworks */,
				13E0A4621FC6F0C500B70863 /* Resources */,
				13E0A4991FC6F96700B70863 /* ShellScript */,
				415461D18916BC2388208864 /* [CP] Embed Pods Frameworks */,
				B300B42AE05843FDD63B178F /* [CP] Copy Pods Resources */,
			);
			buildRules = (
			);
			dependencies = (
			);
			name = FlickrApp;
			productName = FlickrApp;
			productReference = 13E0A4641FC6F0C500B70863 /* FlickrApp.app */;
			productType = "com.apple.product-type.application";
		};
		13E0A4801FC6F2E100B70863 /* FlickrAppUITests */ = {
			isa = PBXNativeTarget;
			buildConfigurationList = 13E0A4881FC6F2E100B70863 /* Build configuration list for PBXNativeTarget "FlickrAppUITests" */;
			buildPhases = (
				CA2B1BFD59355B2E0277D60B /* [CP] Check Pods Manifest.lock */,
				13E0A47D1FC6F2E100B70863 /* Sources */,
				13E0A47E1FC6F2E100B70863 /* Frameworks */,
				13E0A47F1FC6F2E100B70863 /* Resources */,
				FC5E11F95761CFCA795AB503 /* [CP] Embed Pods Frameworks */,
				D69B99F9D2ED95D2D5B013C7 /* [CP] Copy Pods Resources */,
			);
			buildRules = (
			);
			dependencies = (
				13E0A4871FC6F2E100B70863 /* PBXTargetDependency */,
			);
			name = FlickrAppUITests;
			productName = FlickrAppUITests;
			productReference = 13E0A4811FC6F2E100B70863 /* FlickrAppUITests.xctest */;
			productType = "com.apple.product-type.bundle.ui-testing";
		};
		13E0A48E1FC6F2FA00B70863 /* FlickrAppTests */ = {
			isa = PBXNativeTarget;
			buildConfigurationList = 13E0A4961FC6F2FA00B70863 /* Build configuration list for PBXNativeTarget "FlickrAppTests" */;
			buildPhases = (
				AA680757944FBD27E0F1014D /* [CP] Check Pods Manifest.lock */,
				13E0A48B1FC6F2FA00B70863 /* Sources */,
				13E0A48C1FC6F2FA00B70863 /* Frameworks */,
				13E0A48D1FC6F2FA00B70863 /* Resources */,
				5641FAC9ED1C85FF5C04FDF3 /* [CP] Embed Pods Frameworks */,
				AEF6BCE74DE53A2EF9C92398 /* [CP] Copy Pods Resources */,
			);
			buildRules = (
			);
			dependencies = (
				13E0A4951FC6F2FA00B70863 /* PBXTargetDependency */,
			);
			name = FlickrAppTests;
			productName = FlickrAppTests;
			productReference = 13E0A48F1FC6F2FA00B70863 /* FlickrAppTests.xctest */;
			productType = "com.apple.product-type.bundle.unit-test";
		};
/* End PBXNativeTarget section */

/* Begin PBXProject section */
		13E0A45C1FC6F0C500B70863 /* Project object */ = {
			isa = PBXProject;
			attributes = {
				LastUpgradeCheck = 0910;
				ORGANIZATIONNAME = "Askar Bakirov";
				TargetAttributes = {
					13E0A4631FC6F0C500B70863 = {
						CreatedOnToolsVersion = 9.1;
						LastSwiftMigration = "";
						ProvisioningStyle = Automatic;
					};
					13E0A4801FC6F2E100B70863 = {
						CreatedOnToolsVersion = 9.1;
						LastSwiftMigration = 0910;
						ProvisioningStyle = Automatic;
						TestTargetID = 13E0A4631FC6F0C500B70863;
					};
					13E0A48E1FC6F2FA00B70863 = {
						CreatedOnToolsVersion = 9.1;
						LastSwiftMigration = 0910;
						ProvisioningStyle = Automatic;
						TestTargetID = 13E0A4631FC6F0C500B70863;
					};
				};
			};
			buildConfigurationList = 13E0A45F1FC6F0C500B70863 /* Build configuration list for PBXProject "FlickrApp" */;
			compatibilityVersion = "Xcode 8.0";
			developmentRegion = en;
			hasScannedForEncodings = 0;
			knownRegions = (
				en,
				Base,
				ru,
			);
			mainGroup = 13E0A45B1FC6F0C500B70863;
			productRefGroup = 13E0A4651FC6F0C500B70863 /* Products */;
			projectDirPath = "";
			projectRoot = "";
			targets = (
				13E0A4631FC6F0C500B70863 /* FlickrApp */,
				13E0A4801FC6F2E100B70863 /* FlickrAppUITests */,
				13E0A48E1FC6F2FA00B70863 /* FlickrAppTests */,
			);
		};
/* End PBXProject section */

/* Begin PBXResourcesBuildPhase section */
		13E0A4621FC6F0C500B70863 /* Resources */ = {
			isa = PBXResourcesBuildPhase;
			buildActionMask = 2147483647;
			files = (
				1356AD7E1FC9C47700BB4140 /* Localizable.strings in Resources */,
				1356AD811FC9C47700BB4140 /* InfoPlist.strings in Resources */,
				1356AD7F1FC9C47700BB4140 /* InfoPlist.strings in Resources */,
				13E0A49B1FC6FE6F00B70863 /* Images.xcassets in Resources */,
				1356AD801FC9C47700BB4140 /* Localizable.strings in Resources */,
				13E0A4711FC6F0C500B70863 /* Assets.xcassets in Resources */,
				13E0A4CF1FC7145300B70863 /* Main.storyboard in Resources */,
				13E0A4CE1FC7145300B70863 /* LaunchScreen.storyboard in Resources */,
			);
			runOnlyForDeploymentPostprocessing = 0;
		};
		13E0A47F1FC6F2E100B70863 /* Resources */ = {
			isa = PBXResourcesBuildPhase;
			buildActionMask = 2147483647;
			files = (
			);
			runOnlyForDeploymentPostprocessing = 0;
		};
		13E0A48D1FC6F2FA00B70863 /* Resources */ = {
			isa = PBXResourcesBuildPhase;
			buildActionMask = 2147483647;
			files = (
			);
			runOnlyForDeploymentPostprocessing = 0;
		};
/* End PBXResourcesBuildPhase section */

/* Begin PBXShellScriptBuildPhase section */
		13E0A4991FC6F96700B70863 /* ShellScript */ = {
			isa = PBXShellScriptBuildPhase;
			buildActionMask = 2147483647;
			files = (
			);
			inputPaths = (
			);
			outputPaths = (
			);
			runOnlyForDeploymentPostprocessing = 0;
			shellPath = /bin/sh;
			shellScript = "\"${PODS_ROOT}/Fabric/run\" 1128a641a9385a9ab8ab81e4aaa3140d4c189205 71a4872bff8fb279ca291fc314f4e621be157cc31731b3dd1812e2eac70885eb";
		};
		415461D18916BC2388208864 /* [CP] Embed Pods Frameworks */ = {
			isa = PBXShellScriptBuildPhase;
			buildActionMask = 2147483647;
			files = (
			);
			inputPaths = (
				"${SRCROOT}/Pods/Target Support Files/Pods-FlickrApp/Pods-FlickrApp-frameworks.sh",
				"${BUILT_PRODUCTS_DIR}/AFNetworking/AFNetworking.framework",
				"${BUILT_PRODUCTS_DIR}/Alamofire/Alamofire.framework",
				"${BUILT_PRODUCTS_DIR}/DACircularProgress/DACircularProgress.framework",
				"${BUILT_PRODUCTS_DIR}/DejalActivityView/DejalActivityView.framework",
				"${BUILT_PRODUCTS_DIR}/FMMosaicLayout/FMMosaicLayout.framework",
				"${BUILT_PRODUCTS_DIR}/KVNProgress/KVNProgress.framework",
				"${BUILT_PRODUCTS_DIR}/MBProgressHUD/MBProgressHUD.framework",
				"${BUILT_PRODUCTS_DIR}/MWPhotoBrowser/MWPhotoBrowser.framework",
				"${BUILT_PRODUCTS_DIR}/RBQFetchedResultsController/RBQFetchedResultsController.framework",
				"${BUILT_PRODUCTS_DIR}/RBQSafeRealmObject/RBQSafeRealmObject.framework",
				"${BUILT_PRODUCTS_DIR}/ReactiveCocoa/ReactiveCocoa.framework",
				"${BUILT_PRODUCTS_DIR}/ReactiveSwift/ReactiveSwift.framework",
				"${BUILT_PRODUCTS_DIR}/ReactiveViewModel/ReactiveViewModel.framework",
				"${BUILT_PRODUCTS_DIR}/Realm/Realm.framework",
				"${BUILT_PRODUCTS_DIR}/Realm+JSON/Realm_JSON.framework",
				"${BUILT_PRODUCTS_DIR}/RealmUtilities/RealmUtilities.framework",
				"${BUILT_PRODUCTS_DIR}/Result/Result.framework",
				"${BUILT_PRODUCTS_DIR}/SAMKeychain/SAMKeychain.framework",
				"${BUILT_PRODUCTS_DIR}/SDWebImage/SDWebImage.framework",
				"${BUILT_PRODUCTS_DIR}/SVPullToRefresh/SVPullToRefresh.framework",
			);
			name = "[CP] Embed Pods Frameworks";
			outputPaths = (
				"${TARGET_BUILD_DIR}/${FRAMEWORKS_FOLDER_PATH}/AFNetworking.framework",
				"${TARGET_BUILD_DIR}/${FRAMEWORKS_FOLDER_PATH}/Alamofire.framework",
				"${TARGET_BUILD_DIR}/${FRAMEWORKS_FOLDER_PATH}/DACircularProgress.framework",
				"${TARGET_BUILD_DIR}/${FRAMEWORKS_FOLDER_PATH}/DejalActivityView.framework",
				"${TARGET_BUILD_DIR}/${FRAMEWORKS_FOLDER_PATH}/FMMosaicLayout.framework",
				"${TARGET_BUILD_DIR}/${FRAMEWORKS_FOLDER_PATH}/KVNProgress.framework",
				"${TARGET_BUILD_DIR}/${FRAMEWORKS_FOLDER_PATH}/MBProgressHUD.framework",
				"${TARGET_BUILD_DIR}/${FRAMEWORKS_FOLDER_PATH}/MWPhotoBrowser.framework",
				"${TARGET_BUILD_DIR}/${FRAMEWORKS_FOLDER_PATH}/RBQFetchedResultsController.framework",
				"${TARGET_BUILD_DIR}/${FRAMEWORKS_FOLDER_PATH}/RBQSafeRealmObject.framework",
				"${TARGET_BUILD_DIR}/${FRAMEWORKS_FOLDER_PATH}/ReactiveCocoa.framework",
				"${TARGET_BUILD_DIR}/${FRAMEWORKS_FOLDER_PATH}/ReactiveSwift.framework",
				"${TARGET_BUILD_DIR}/${FRAMEWORKS_FOLDER_PATH}/ReactiveViewModel.framework",
				"${TARGET_BUILD_DIR}/${FRAMEWORKS_FOLDER_PATH}/Realm.framework",
				"${TARGET_BUILD_DIR}/${FRAMEWORKS_FOLDER_PATH}/Realm_JSON.framework",
				"${TARGET_BUILD_DIR}/${FRAMEWORKS_FOLDER_PATH}/RealmUtilities.framework",
				"${TARGET_BUILD_DIR}/${FRAMEWORKS_FOLDER_PATH}/Result.framework",
				"${TARGET_BUILD_DIR}/${FRAMEWORKS_FOLDER_PATH}/SAMKeychain.framework",
				"${TARGET_BUILD_DIR}/${FRAMEWORKS_FOLDER_PATH}/SDWebImage.framework",
				"${TARGET_BUILD_DIR}/${FRAMEWORKS_FOLDER_PATH}/SVPullToRefresh.framework",
			);
			runOnlyForDeploymentPostprocessing = 0;
			shellPath = /bin/sh;
			shellScript = "\"${SRCROOT}/Pods/Target Support Files/Pods-FlickrApp/Pods-FlickrApp-frameworks.sh\"\n";
			showEnvVarsInLog = 0;
		};
		5641FAC9ED1C85FF5C04FDF3 /* [CP] Embed Pods Frameworks */ = {
			isa = PBXShellScriptBuildPhase;
			buildActionMask = 2147483647;
			files = (
			);
			inputPaths = (
				"${SRCROOT}/Pods/Target Support Files/Pods-FlickrAppTests/Pods-FlickrAppTests-frameworks.sh",
				"${BUILT_PRODUCTS_DIR}/AFNetworking/AFNetworking.framework",
				"${BUILT_PRODUCTS_DIR}/Alamofire/Alamofire.framework",
				"${BUILT_PRODUCTS_DIR}/DACircularProgress/DACircularProgress.framework",
				"${BUILT_PRODUCTS_DIR}/DejalActivityView/DejalActivityView.framework",
				"${BUILT_PRODUCTS_DIR}/FMMosaicLayout/FMMosaicLayout.framework",
				"${BUILT_PRODUCTS_DIR}/KVNProgress/KVNProgress.framework",
				"${BUILT_PRODUCTS_DIR}/MBProgressHUD/MBProgressHUD.framework",
				"${BUILT_PRODUCTS_DIR}/MWPhotoBrowser/MWPhotoBrowser.framework",
				"${BUILT_PRODUCTS_DIR}/RBQFetchedResultsController/RBQFetchedResultsController.framework",
				"${BUILT_PRODUCTS_DIR}/RBQSafeRealmObject/RBQSafeRealmObject.framework",
				"${BUILT_PRODUCTS_DIR}/ReactiveCocoa/ReactiveCocoa.framework",
				"${BUILT_PRODUCTS_DIR}/ReactiveSwift/ReactiveSwift.framework",
				"${BUILT_PRODUCTS_DIR}/ReactiveViewModel/ReactiveViewModel.framework",
				"${BUILT_PRODUCTS_DIR}/Realm/Realm.framework",
				"${BUILT_PRODUCTS_DIR}/Realm+JSON/Realm_JSON.framework",
				"${BUILT_PRODUCTS_DIR}/RealmUtilities/RealmUtilities.framework",
				"${BUILT_PRODUCTS_DIR}/Result/Result.framework",
				"${BUILT_PRODUCTS_DIR}/SAMKeychain/SAMKeychain.framework",
				"${BUILT_PRODUCTS_DIR}/SDWebImage/SDWebImage.framework",
				"${BUILT_PRODUCTS_DIR}/OCMock/OCMock.framework",
			);
			name = "[CP] Embed Pods Frameworks";
			outputPaths = (
				"${TARGET_BUILD_DIR}/${FRAMEWORKS_FOLDER_PATH}/AFNetworking.framework",
				"${TARGET_BUILD_DIR}/${FRAMEWORKS_FOLDER_PATH}/Alamofire.framework",
				"${TARGET_BUILD_DIR}/${FRAMEWORKS_FOLDER_PATH}/DACircularProgress.framework",
				"${TARGET_BUILD_DIR}/${FRAMEWORKS_FOLDER_PATH}/DejalActivityView.framework",
				"${TARGET_BUILD_DIR}/${FRAMEWORKS_FOLDER_PATH}/FMMosaicLayout.framework",
				"${TARGET_BUILD_DIR}/${FRAMEWORKS_FOLDER_PATH}/KVNProgress.framework",
				"${TARGET_BUILD_DIR}/${FRAMEWORKS_FOLDER_PATH}/MBProgressHUD.framework",
				"${TARGET_BUILD_DIR}/${FRAMEWORKS_FOLDER_PATH}/MWPhotoBrowser.framework",
				"${TARGET_BUILD_DIR}/${FRAMEWORKS_FOLDER_PATH}/RBQFetchedResultsController.framework",
				"${TARGET_BUILD_DIR}/${FRAMEWORKS_FOLDER_PATH}/RBQSafeRealmObject.framework",
				"${TARGET_BUILD_DIR}/${FRAMEWORKS_FOLDER_PATH}/ReactiveCocoa.framework",
				"${TARGET_BUILD_DIR}/${FRAMEWORKS_FOLDER_PATH}/ReactiveSwift.framework",
				"${TARGET_BUILD_DIR}/${FRAMEWORKS_FOLDER_PATH}/ReactiveViewModel.framework",
				"${TARGET_BUILD_DIR}/${FRAMEWORKS_FOLDER_PATH}/Realm.framework",
				"${TARGET_BUILD_DIR}/${FRAMEWORKS_FOLDER_PATH}/Realm_JSON.framework",
				"${TARGET_BUILD_DIR}/${FRAMEWORKS_FOLDER_PATH}/RealmUtilities.framework",
				"${TARGET_BUILD_DIR}/${FRAMEWORKS_FOLDER_PATH}/Result.framework",
				"${TARGET_BUILD_DIR}/${FRAMEWORKS_FOLDER_PATH}/SAMKeychain.framework",
				"${TARGET_BUILD_DIR}/${FRAMEWORKS_FOLDER_PATH}/SDWebImage.framework",
				"${TARGET_BUILD_DIR}/${FRAMEWORKS_FOLDER_PATH}/OCMock.framework",
			);
			runOnlyForDeploymentPostprocessing = 0;
			shellPath = /bin/sh;
			shellScript = "\"${SRCROOT}/Pods/Target Support Files/Pods-FlickrAppTests/Pods-FlickrAppTests-frameworks.sh\"\n";
			showEnvVarsInLog = 0;
		};
		98F2EC41DD3302F483008922 /* [CP] Check Pods Manifest.lock */ = {
			isa = PBXShellScriptBuildPhase;
			buildActionMask = 2147483647;
			files = (
			);
			inputPaths = (
				"${PODS_PODFILE_DIR_PATH}/Podfile.lock",
				"${PODS_ROOT}/Manifest.lock",
			);
			name = "[CP] Check Pods Manifest.lock";
			outputPaths = (
				"$(DERIVED_FILE_DIR)/Pods-FlickrApp-checkManifestLockResult.txt",
			);
			runOnlyForDeploymentPostprocessing = 0;
			shellPath = /bin/sh;
			shellScript = "diff \"${PODS_PODFILE_DIR_PATH}/Podfile.lock\" \"${PODS_ROOT}/Manifest.lock\" > /dev/null\nif [ $? != 0 ] ; then\n    # print error to STDERR\n    echo \"error: The sandbox is not in sync with the Podfile.lock. Run 'pod install' or update your CocoaPods installation.\" >&2\n    exit 1\nfi\n# This output is used by Xcode 'outputs' to avoid re-running this script phase.\necho \"SUCCESS\" > \"${SCRIPT_OUTPUT_FILE_0}\"\n";
			showEnvVarsInLog = 0;
		};
		AA680757944FBD27E0F1014D /* [CP] Check Pods Manifest.lock */ = {
			isa = PBXShellScriptBuildPhase;
			buildActionMask = 2147483647;
			files = (
			);
			inputPaths = (
				"${PODS_PODFILE_DIR_PATH}/Podfile.lock",
				"${PODS_ROOT}/Manifest.lock",
			);
			name = "[CP] Check Pods Manifest.lock";
			outputPaths = (
				"$(DERIVED_FILE_DIR)/Pods-FlickrAppTests-checkManifestLockResult.txt",
			);
			runOnlyForDeploymentPostprocessing = 0;
			shellPath = /bin/sh;
			shellScript = "diff \"${PODS_PODFILE_DIR_PATH}/Podfile.lock\" \"${PODS_ROOT}/Manifest.lock\" > /dev/null\nif [ $? != 0 ] ; then\n    # print error to STDERR\n    echo \"error: The sandbox is not in sync with the Podfile.lock. Run 'pod install' or update your CocoaPods installation.\" >&2\n    exit 1\nfi\n# This output is used by Xcode 'outputs' to avoid re-running this script phase.\necho \"SUCCESS\" > \"${SCRIPT_OUTPUT_FILE_0}\"\n";
			showEnvVarsInLog = 0;
		};
		AEF6BCE74DE53A2EF9C92398 /* [CP] Copy Pods Resources */ = {
			isa = PBXShellScriptBuildPhase;
			buildActionMask = 2147483647;
			files = (
			);
			inputPaths = (
				"${SRCROOT}/Pods/Target Support Files/Pods-FlickrAppTests/Pods-FlickrAppTests-resources.sh",
				"${PODS_ROOT}/KVNProgress/KVNProgress/Resources/KVNProgressView.xib",
				"${PODS_CONFIGURATION_BUILD_DIR}/MWPhotoBrowser/MWPhotoBrowser.bundle",
				"${PODS_ROOT}/SAMKeychain/Support/SAMKeychain.bundle",
			);
			name = "[CP] Copy Pods Resources";
			outputPaths = (
				"${TARGET_BUILD_DIR}/${UNLOCALIZED_RESOURCES_FOLDER_PATH}",
			);
			runOnlyForDeploymentPostprocessing = 0;
			shellPath = /bin/sh;
			shellScript = "\"${SRCROOT}/Pods/Target Support Files/Pods-FlickrAppTests/Pods-FlickrAppTests-resources.sh\"\n";
			showEnvVarsInLog = 0;
		};
		B300B42AE05843FDD63B178F /* [CP] Copy Pods Resources */ = {
			isa = PBXShellScriptBuildPhase;
			buildActionMask = 2147483647;
			files = (
			);
			inputPaths = (
				"${SRCROOT}/Pods/Target Support Files/Pods-FlickrApp/Pods-FlickrApp-resources.sh",
				"${PODS_ROOT}/KVNProgress/KVNProgress/Resources/KVNProgressView.xib",
				"${PODS_CONFIGURATION_BUILD_DIR}/MWPhotoBrowser/MWPhotoBrowser.bundle",
				"${PODS_ROOT}/SAMKeychain/Support/SAMKeychain.bundle",
			);
			name = "[CP] Copy Pods Resources";
			outputPaths = (
				"${TARGET_BUILD_DIR}/${UNLOCALIZED_RESOURCES_FOLDER_PATH}",
			);
			runOnlyForDeploymentPostprocessing = 0;
			shellPath = /bin/sh;
			shellScript = "\"${SRCROOT}/Pods/Target Support Files/Pods-FlickrApp/Pods-FlickrApp-resources.sh\"\n";
			showEnvVarsInLog = 0;
		};
		CA2B1BFD59355B2E0277D60B /* [CP] Check Pods Manifest.lock */ = {
			isa = PBXShellScriptBuildPhase;
			buildActionMask = 2147483647;
			files = (
			);
			inputPaths = (
				"${PODS_PODFILE_DIR_PATH}/Podfile.lock",
				"${PODS_ROOT}/Manifest.lock",
			);
			name = "[CP] Check Pods Manifest.lock";
			outputPaths = (
				"$(DERIVED_FILE_DIR)/Pods-FlickrAppUITests-checkManifestLockResult.txt",
			);
			runOnlyForDeploymentPostprocessing = 0;
			shellPath = /bin/sh;
			shellScript = "diff \"${PODS_PODFILE_DIR_PATH}/Podfile.lock\" \"${PODS_ROOT}/Manifest.lock\" > /dev/null\nif [ $? != 0 ] ; then\n    # print error to STDERR\n    echo \"error: The sandbox is not in sync with the Podfile.lock. Run 'pod install' or update your CocoaPods installation.\" >&2\n    exit 1\nfi\n# This output is used by Xcode 'outputs' to avoid re-running this script phase.\necho \"SUCCESS\" > \"${SCRIPT_OUTPUT_FILE_0}\"\n";
			showEnvVarsInLog = 0;
		};
		D69B99F9D2ED95D2D5B013C7 /* [CP] Copy Pods Resources */ = {
			isa = PBXShellScriptBuildPhase;
			buildActionMask = 2147483647;
			files = (
			);
			inputPaths = (
				"${SRCROOT}/Pods/Target Support Files/Pods-FlickrAppUITests/Pods-FlickrAppUITests-resources.sh",
				"${PODS_ROOT}/KVNProgress/KVNProgress/Resources/KVNProgressView.xib",
				"${PODS_CONFIGURATION_BUILD_DIR}/MWPhotoBrowser/MWPhotoBrowser.bundle",
				"${PODS_ROOT}/SAMKeychain/Support/SAMKeychain.bundle",
			);
			name = "[CP] Copy Pods Resources";
			outputPaths = (
				"${TARGET_BUILD_DIR}/${UNLOCALIZED_RESOURCES_FOLDER_PATH}",
			);
			runOnlyForDeploymentPostprocessing = 0;
			shellPath = /bin/sh;
			shellScript = "\"${SRCROOT}/Pods/Target Support Files/Pods-FlickrAppUITests/Pods-FlickrAppUITests-resources.sh\"\n";
			showEnvVarsInLog = 0;
		};
		FC5E11F95761CFCA795AB503 /* [CP] Embed Pods Frameworks */ = {
			isa = PBXShellScriptBuildPhase;
			buildActionMask = 2147483647;
			files = (
			);
			inputPaths = (
				"${SRCROOT}/Pods/Target Support Files/Pods-FlickrAppUITests/Pods-FlickrAppUITests-frameworks.sh",
				"${BUILT_PRODUCTS_DIR}/AFNetworking/AFNetworking.framework",
				"${BUILT_PRODUCTS_DIR}/Alamofire/Alamofire.framework",
				"${BUILT_PRODUCTS_DIR}/DACircularProgress/DACircularProgress.framework",
				"${BUILT_PRODUCTS_DIR}/DejalActivityView/DejalActivityView.framework",
				"${BUILT_PRODUCTS_DIR}/FMMosaicLayout/FMMosaicLayout.framework",
				"${BUILT_PRODUCTS_DIR}/KVNProgress/KVNProgress.framework",
				"${BUILT_PRODUCTS_DIR}/MBProgressHUD/MBProgressHUD.framework",
				"${BUILT_PRODUCTS_DIR}/MWPhotoBrowser/MWPhotoBrowser.framework",
				"${BUILT_PRODUCTS_DIR}/RBQFetchedResultsController/RBQFetchedResultsController.framework",
				"${BUILT_PRODUCTS_DIR}/RBQSafeRealmObject/RBQSafeRealmObject.framework",
				"${BUILT_PRODUCTS_DIR}/ReactiveCocoa/ReactiveCocoa.framework",
				"${BUILT_PRODUCTS_DIR}/ReactiveSwift/ReactiveSwift.framework",
				"${BUILT_PRODUCTS_DIR}/ReactiveViewModel/ReactiveViewModel.framework",
				"${BUILT_PRODUCTS_DIR}/Realm/Realm.framework",
				"${BUILT_PRODUCTS_DIR}/Realm+JSON/Realm_JSON.framework",
				"${BUILT_PRODUCTS_DIR}/RealmUtilities/RealmUtilities.framework",
				"${BUILT_PRODUCTS_DIR}/Result/Result.framework",
				"${BUILT_PRODUCTS_DIR}/SAMKeychain/SAMKeychain.framework",
				"${BUILT_PRODUCTS_DIR}/SDWebImage/SDWebImage.framework",
				"${BUILT_PRODUCTS_DIR}/SVPullToRefresh/SVPullToRefresh.framework",
			);
			name = "[CP] Embed Pods Frameworks";
			outputPaths = (
				"${TARGET_BUILD_DIR}/${FRAMEWORKS_FOLDER_PATH}/AFNetworking.framework",
				"${TARGET_BUILD_DIR}/${FRAMEWORKS_FOLDER_PATH}/Alamofire.framework",
				"${TARGET_BUILD_DIR}/${FRAMEWORKS_FOLDER_PATH}/DACircularProgress.framework",
				"${TARGET_BUILD_DIR}/${FRAMEWORKS_FOLDER_PATH}/DejalActivityView.framework",
				"${TARGET_BUILD_DIR}/${FRAMEWORKS_FOLDER_PATH}/FMMosaicLayout.framework",
				"${TARGET_BUILD_DIR}/${FRAMEWORKS_FOLDER_PATH}/KVNProgress.framework",
				"${TARGET_BUILD_DIR}/${FRAMEWORKS_FOLDER_PATH}/MBProgressHUD.framework",
				"${TARGET_BUILD_DIR}/${FRAMEWORKS_FOLDER_PATH}/MWPhotoBrowser.framework",
				"${TARGET_BUILD_DIR}/${FRAMEWORKS_FOLDER_PATH}/RBQFetchedResultsController.framework",
				"${TARGET_BUILD_DIR}/${FRAMEWORKS_FOLDER_PATH}/RBQSafeRealmObject.framework",
				"${TARGET_BUILD_DIR}/${FRAMEWORKS_FOLDER_PATH}/ReactiveCocoa.framework",
				"${TARGET_BUILD_DIR}/${FRAMEWORKS_FOLDER_PATH}/ReactiveSwift.framework",
				"${TARGET_BUILD_DIR}/${FRAMEWORKS_FOLDER_PATH}/ReactiveViewModel.framework",
				"${TARGET_BUILD_DIR}/${FRAMEWORKS_FOLDER_PATH}/Realm.framework",
				"${TARGET_BUILD_DIR}/${FRAMEWORKS_FOLDER_PATH}/Realm_JSON.framework",
				"${TARGET_BUILD_DIR}/${FRAMEWORKS_FOLDER_PATH}/RealmUtilities.framework",
				"${TARGET_BUILD_DIR}/${FRAMEWORKS_FOLDER_PATH}/Result.framework",
				"${TARGET_BUILD_DIR}/${FRAMEWORKS_FOLDER_PATH}/SAMKeychain.framework",
				"${TARGET_BUILD_DIR}/${FRAMEWORKS_FOLDER_PATH}/SDWebImage.framework",
				"${TARGET_BUILD_DIR}/${FRAMEWORKS_FOLDER_PATH}/SVPullToRefresh.framework",
			);
			runOnlyForDeploymentPostprocessing = 0;
			shellPath = /bin/sh;
			shellScript = "\"${SRCROOT}/Pods/Target Support Files/Pods-FlickrAppUITests/Pods-FlickrAppUITests-frameworks.sh\"\n";
			showEnvVarsInLog = 0;
		};
/* End PBXShellScriptBuildPhase section */

/* Begin PBXSourcesBuildPhase section */
		13E0A4601FC6F0C500B70863 /* Sources */ = {
			isa = PBXSourcesBuildPhase;
			buildActionMask = 2147483647;
			files = (
				137E1FF81FD160A800A1B38E /* ImageViewModel.swift in Sources */,
				137E1FEC1FD1609100A1B38E /* SearchAttemptCell.swift in Sources */,
				137E1FFB1FD160A800A1B38E /* SearchViewModel.swift in Sources */,
				137E1FFC1FD160A800A1B38E /* PopularFeedsViewModel.swift in Sources */,
				135870A41FD1A5F500DA226F /* Entity.swift in Sources */,
				137E1FEB1FD1609100A1B38E /* ImageCell.swift in Sources */,
				137E1FFE1FD160A800A1B38E /* SearchAttemptViewModel.swift in Sources */,
				137E20081FD160B700A1B38E /* UIViewController+LoadingView.swift in Sources */,
				137E1FE61FD1605C00A1B38E /* RemoteFetcher.swift in Sources */,
				137E1FDF1FD1604800A1B38E /* Feed.swift in Sources */,
				137E1FC41FD1597300A1B38E /* AppDelegate.swift in Sources */,
				137E1FFA1FD160A800A1B38E /* SearchResultViewModel.swift in Sources */,
				137E1FE81FD1605C00A1B38E /* PhotoFetcher.swift in Sources */,
				137E20061FD160B700A1B38E /* PopularFeedsViewController.swift in Sources */,
				137E1FF01FD1609C00A1B38E /* Language.swift in Sources */,
				137E1FFD1FD160A800A1B38E /* BaseViewModel.swift in Sources */,
				137E1FDE1FD1604800A1B38E /* SearchAttempt.swift in Sources */,
				137E202A1FD1667300A1B38E /* MyLocalizedString.swift in Sources */,
				137E1FDA1FD15DFA00A1B38E /* RLMSupport.swift in Sources */,
				137E20071FD160B700A1B38E /* SearchResultViewController.swift in Sources */,
				137E1FF91FD160A800A1B38E /* ImageListViewModel.swift in Sources */,
				137E20051FD160B700A1B38E /* SearchViewController.swift in Sources */,
				137E1FE71FD1605C00A1B38E /* FeedFetcher.swift in Sources */,
				137E1FEF1FD1609C00A1B38E /* UserDefaults.swift in Sources */,
				137E20041FD160B700A1B38E /* ImageListViewController.swift in Sources */,
				137E1FE01FD1604800A1B38E /* Photo.swift in Sources */,
			);
			runOnlyForDeploymentPostprocessing = 0;
		};
		13E0A47D1FC6F2E100B70863 /* Sources */ = {
			isa = PBXSourcesBuildPhase;
			buildActionMask = 2147483647;
			files = (
				137E1FC71FD15B8400A1B38E /* FlickrAppUITests.swift in Sources */,
			);
			runOnlyForDeploymentPostprocessing = 0;
		};
		13E0A48B1FC6F2FA00B70863 /* Sources */ = {
			isa = PBXSourcesBuildPhase;
			buildActionMask = 2147483647;
			files = (
				137E1FD41FD15BA000A1B38E /* ImageViewModelTests.swift in Sources */,
				137E1FD11FD15BA000A1B38E /* SearchResultViewModelTests.swift in Sources */,
				137E1FD71FD15BA000A1B38E /* PerformanceTests.swift in Sources */,
				137E1FD51FD15BA000A1B38E /* PopularFeedsViewModelTests.swift in Sources */,
				137E1FD61FD15BA000A1B38E /* SearchAttemptViewModelTests.swift in Sources */,
				137E1FD31FD15BA000A1B38E /* ExpectationTests.swift in Sources */,
				137E1FD81FD15BA000A1B38E /* SearchViewModelTests.swift in Sources */,
				137E1FD21FD15BA000A1B38E /* BaseViewModelTestCase.swift in Sources */,
			);
			runOnlyForDeploymentPostprocessing = 0;
		};
/* End PBXSourcesBuildPhase section */

/* Begin PBXTargetDependency section */
		13E0A4871FC6F2E100B70863 /* PBXTargetDependency */ = {
			isa = PBXTargetDependency;
			target = 13E0A4631FC6F0C500B70863 /* FlickrApp */;
			targetProxy = 13E0A4861FC6F2E100B70863 /* PBXContainerItemProxy */;
		};
		13E0A4951FC6F2FA00B70863 /* PBXTargetDependency */ = {
			isa = PBXTargetDependency;
			target = 13E0A4631FC6F0C500B70863 /* FlickrApp */;
			targetProxy = 13E0A4941FC6F2FA00B70863 /* PBXContainerItemProxy */;
		};
/* End PBXTargetDependency section */

/* Begin PBXVariantGroup section */
		1356AD751FC9C47700BB4140 /* Localizable.strings */ = {
			isa = PBXVariantGroup;
			children = (
				1356AD761FC9C47700BB4140 /* en */,
			);
			name = Localizable.strings;
			sourceTree = "<group>";
		};
		1356AD771FC9C47700BB4140 /* InfoPlist.strings */ = {
			isa = PBXVariantGroup;
			children = (
				1356AD781FC9C47700BB4140 /* en */,
			);
			name = InfoPlist.strings;
			sourceTree = "<group>";
		};
		1356AD7A1FC9C47700BB4140 /* Localizable.strings */ = {
			isa = PBXVariantGroup;
			children = (
				1356AD7B1FC9C47700BB4140 /* ru */,
			);
			name = Localizable.strings;
			sourceTree = "<group>";
		};
		1356AD7C1FC9C47700BB4140 /* InfoPlist.strings */ = {
			isa = PBXVariantGroup;
			children = (
				1356AD7D1FC9C47700BB4140 /* ru */,
			);
			name = InfoPlist.strings;
			sourceTree = "<group>";
		};
/* End PBXVariantGroup section */

/* Begin XCBuildConfiguration section */
		13E0A4781FC6F0C500B70863 /* Debug */ = {
			isa = XCBuildConfiguration;
			buildSettings = {
				ALWAYS_SEARCH_USER_PATHS = NO;
				CLANG_ANALYZER_LOCALIZABILITY_NONLOCALIZED = YES;
				CLANG_ANALYZER_NONNULL = YES;
				CLANG_ANALYZER_NUMBER_OBJECT_CONVERSION = YES_AGGRESSIVE;
				CLANG_CXX_LANGUAGE_STANDARD = "gnu++14";
				CLANG_CXX_LIBRARY = "libc++";
				CLANG_ENABLE_MODULES = YES;
				CLANG_ENABLE_OBJC_ARC = YES;
				CLANG_WARN_BLOCK_CAPTURE_AUTORELEASING = YES;
				CLANG_WARN_BOOL_CONVERSION = YES;
				CLANG_WARN_COMMA = YES;
				CLANG_WARN_CONSTANT_CONVERSION = YES;
				CLANG_WARN_DIRECT_OBJC_ISA_USAGE = YES_ERROR;
				CLANG_WARN_DOCUMENTATION_COMMENTS = YES;
				CLANG_WARN_EMPTY_BODY = YES;
				CLANG_WARN_ENUM_CONVERSION = YES;
				CLANG_WARN_INFINITE_RECURSION = YES;
				CLANG_WARN_INT_CONVERSION = YES;
				CLANG_WARN_NON_LITERAL_NULL_CONVERSION = YES;
				CLANG_WARN_OBJC_LITERAL_CONVERSION = YES;
				CLANG_WARN_OBJC_ROOT_CLASS = YES_ERROR;
				CLANG_WARN_RANGE_LOOP_ANALYSIS = YES;
				CLANG_WARN_STRICT_PROTOTYPES = YES;
				CLANG_WARN_SUSPICIOUS_MOVE = YES;
				CLANG_WARN_UNGUARDED_AVAILABILITY = YES_AGGRESSIVE;
				CLANG_WARN_UNREACHABLE_CODE = YES;
				CLANG_WARN__DUPLICATE_METHOD_MATCH = YES;
				CODE_SIGN_IDENTITY = "iPhone Developer";
				COPY_PHASE_STRIP = NO;
				DEBUG_INFORMATION_FORMAT = "dwarf-with-dsym";
				ENABLE_STRICT_OBJC_MSGSEND = YES;
				ENABLE_TESTABILITY = YES;
				GCC_C_LANGUAGE_STANDARD = gnu11;
				GCC_DYNAMIC_NO_PIC = NO;
				GCC_NO_COMMON_BLOCKS = YES;
				GCC_OPTIMIZATION_LEVEL = 0;
				GCC_PREFIX_HEADER = "FlickrApp/FlickrApp-Prefix.pch";
				GCC_PREPROCESSOR_DEFINITIONS = (
					"DEBUG=1",
					"$(inherited)",
				);
				GCC_WARN_64_TO_32_BIT_CONVERSION = YES;
				GCC_WARN_ABOUT_RETURN_TYPE = YES_ERROR;
				GCC_WARN_UNDECLARED_SELECTOR = YES;
				GCC_WARN_UNINITIALIZED_AUTOS = YES_AGGRESSIVE;
				GCC_WARN_UNUSED_FUNCTION = YES;
				GCC_WARN_UNUSED_VARIABLE = YES;
				IPHONEOS_DEPLOYMENT_TARGET = 9.0;
				MTL_ENABLE_DEBUG_INFO = YES;
				ONLY_ACTIVE_ARCH = YES;
				SDKROOT = iphoneos;
			};
			name = Debug;
		};
		13E0A4791FC6F0C500B70863 /* Release */ = {
			isa = XCBuildConfiguration;
			buildSettings = {
				ALWAYS_SEARCH_USER_PATHS = NO;
				CLANG_ANALYZER_LOCALIZABILITY_NONLOCALIZED = YES;
				CLANG_ANALYZER_NONNULL = YES;
				CLANG_ANALYZER_NUMBER_OBJECT_CONVERSION = YES_AGGRESSIVE;
				CLANG_CXX_LANGUAGE_STANDARD = "gnu++14";
				CLANG_CXX_LIBRARY = "libc++";
				CLANG_ENABLE_MODULES = YES;
				CLANG_ENABLE_OBJC_ARC = YES;
				CLANG_WARN_BLOCK_CAPTURE_AUTORELEASING = YES;
				CLANG_WARN_BOOL_CONVERSION = YES;
				CLANG_WARN_COMMA = YES;
				CLANG_WARN_CONSTANT_CONVERSION = YES;
				CLANG_WARN_DIRECT_OBJC_ISA_USAGE = YES_ERROR;
				CLANG_WARN_DOCUMENTATION_COMMENTS = YES;
				CLANG_WARN_EMPTY_BODY = YES;
				CLANG_WARN_ENUM_CONVERSION = YES;
				CLANG_WARN_INFINITE_RECURSION = YES;
				CLANG_WARN_INT_CONVERSION = YES;
				CLANG_WARN_NON_LITERAL_NULL_CONVERSION = YES;
				CLANG_WARN_OBJC_LITERAL_CONVERSION = YES;
				CLANG_WARN_OBJC_ROOT_CLASS = YES_ERROR;
				CLANG_WARN_RANGE_LOOP_ANALYSIS = YES;
				CLANG_WARN_STRICT_PROTOTYPES = YES;
				CLANG_WARN_SUSPICIOUS_MOVE = YES;
				CLANG_WARN_UNGUARDED_AVAILABILITY = YES_AGGRESSIVE;
				CLANG_WARN_UNREACHABLE_CODE = YES;
				CLANG_WARN__DUPLICATE_METHOD_MATCH = YES;
				CODE_SIGN_IDENTITY = "iPhone Developer";
				COPY_PHASE_STRIP = NO;
				DEBUG_INFORMATION_FORMAT = "dwarf-with-dsym";
				ENABLE_NS_ASSERTIONS = NO;
				ENABLE_STRICT_OBJC_MSGSEND = YES;
				GCC_C_LANGUAGE_STANDARD = gnu11;
				GCC_NO_COMMON_BLOCKS = YES;
				GCC_PREFIX_HEADER = "FlickrApp/FlickrApp-Prefix.pch";
				GCC_WARN_64_TO_32_BIT_CONVERSION = YES;
				GCC_WARN_ABOUT_RETURN_TYPE = YES_ERROR;
				GCC_WARN_UNDECLARED_SELECTOR = YES;
				GCC_WARN_UNINITIALIZED_AUTOS = YES_AGGRESSIVE;
				GCC_WARN_UNUSED_FUNCTION = YES;
				GCC_WARN_UNUSED_VARIABLE = YES;
				IPHONEOS_DEPLOYMENT_TARGET = 9.0;
				MTL_ENABLE_DEBUG_INFO = NO;
				SDKROOT = iphoneos;
				VALIDATE_PRODUCT = YES;
			};
			name = Release;
		};
		13E0A47B1FC6F0C500B70863 /* Debug */ = {
			isa = XCBuildConfiguration;
			baseConfigurationReference = C22B212E78EDF599CA0CF684 /* Pods-FlickrApp.debug.xcconfig */;
			buildSettings = {
				ASSETCATALOG_COMPILER_APPICON_NAME = AppIcon;
				CLANG_ENABLE_MODULES = YES;
				"CODE_SIGN_IDENTITY[sdk=iphoneos*]" = "iPhone Developer";
				CODE_SIGN_STYLE = Automatic;
				DEVELOPMENT_TEAM = LAU6Z76Q9H;
				INFOPLIST_FILE = FlickrApp/Info.plist;
				IPHONEOS_DEPLOYMENT_TARGET = 9.0;
				LD_RUNPATH_SEARCH_PATHS = "$(inherited) @executable_path/Frameworks";
				PRODUCT_BUNDLE_IDENTIFIER = kz.bakirov.FlickrApp;
				PRODUCT_NAME = "$(TARGET_NAME)";
				PROVISIONING_PROFILE = "";
				PROVISIONING_PROFILE_SPECIFIER = "";
				SWIFT_OBJC_BRIDGING_HEADER = "FlickrApp/FlickrApp-Bridging-Header.h";
				SWIFT_OPTIMIZATION_LEVEL = "-Onone";
				SWIFT_VERSION = 3.0;
				TARGETED_DEVICE_FAMILY = 1;
			};
			name = Debug;
		};
		13E0A47C1FC6F0C500B70863 /* Release */ = {
			isa = XCBuildConfiguration;
			baseConfigurationReference = 353E9AB82244D977022F96E8 /* Pods-FlickrApp.release.xcconfig */;
			buildSettings = {
				ASSETCATALOG_COMPILER_APPICON_NAME = AppIcon;
				CLANG_ENABLE_MODULES = YES;
				"CODE_SIGN_IDENTITY[sdk=iphoneos*]" = "iPhone Developer";
				CODE_SIGN_STYLE = Automatic;
				DEVELOPMENT_TEAM = LAU6Z76Q9H;
				INFOPLIST_FILE = FlickrApp/Info.plist;
				IPHONEOS_DEPLOYMENT_TARGET = 9.0;
				LD_RUNPATH_SEARCH_PATHS = "$(inherited) @executable_path/Frameworks";
				PRODUCT_BUNDLE_IDENTIFIER = kz.bakirov.FlickrApp;
				PRODUCT_NAME = "$(TARGET_NAME)";
				PROVISIONING_PROFILE = "";
				PROVISIONING_PROFILE_SPECIFIER = "";
				SWIFT_OBJC_BRIDGING_HEADER = "FlickrApp/FlickrApp-Bridging-Header.h";
				SWIFT_VERSION = 3.0;
				TARGETED_DEVICE_FAMILY = 1;
			};
			name = Release;
		};
		13E0A4891FC6F2E100B70863 /* Debug */ = {
			isa = XCBuildConfiguration;
			baseConfigurationReference = DCC733742408CB007EE68B99 /* Pods-FlickrAppUITests.debug.xcconfig */;
			buildSettings = {
				ALWAYS_EMBED_SWIFT_STANDARD_LIBRARIES = YES;
				CLANG_ENABLE_MODULES = YES;
				CODE_SIGN_STYLE = Automatic;
				DEVELOPMENT_TEAM = LAU6Z76Q9H;
				INFOPLIST_FILE = FlickrAppUITests/Info.plist;
				LD_RUNPATH_SEARCH_PATHS = "$(inherited) @executable_path/Frameworks @loader_path/Frameworks";
				PRODUCT_BUNDLE_IDENTIFIER = kz.bakirov.FlickrAppUITests;
				PRODUCT_NAME = "$(TARGET_NAME)";
				SWIFT_OBJC_BRIDGING_HEADER = "FlickrAppUITests/FlickrAppUITests-Bridging-Header.h";
				SWIFT_OPTIMIZATION_LEVEL = "-Onone";
				SWIFT_VERSION = 3.0;
				TARGETED_DEVICE_FAMILY = "1,2";
				TEST_TARGET_NAME = FlickrApp;
			};
			name = Debug;
		};
		13E0A48A1FC6F2E100B70863 /* Release */ = {
			isa = XCBuildConfiguration;
			baseConfigurationReference = 31BE269C12191A57D977E74A /* Pods-FlickrAppUITests.release.xcconfig */;
			buildSettings = {
				ALWAYS_EMBED_SWIFT_STANDARD_LIBRARIES = YES;
				CLANG_ENABLE_MODULES = YES;
				CODE_SIGN_STYLE = Automatic;
				DEVELOPMENT_TEAM = LAU6Z76Q9H;
				INFOPLIST_FILE = FlickrAppUITests/Info.plist;
				LD_RUNPATH_SEARCH_PATHS = "$(inherited) @executable_path/Frameworks @loader_path/Frameworks";
				PRODUCT_BUNDLE_IDENTIFIER = kz.bakirov.FlickrAppUITests;
				PRODUCT_NAME = "$(TARGET_NAME)";
				SWIFT_OBJC_BRIDGING_HEADER = "FlickrAppUITests/FlickrAppUITests-Bridging-Header.h";
				SWIFT_VERSION = 3.0;
				TARGETED_DEVICE_FAMILY = "1,2";
				TEST_TARGET_NAME = FlickrApp;
			};
			name = Release;
		};
		13E0A4971FC6F2FA00B70863 /* Debug */ = {
			isa = XCBuildConfiguration;
			baseConfigurationReference = 83936F7B9186ED871B2BA78C /* Pods-FlickrAppTests.debug.xcconfig */;
			buildSettings = {
				ALWAYS_EMBED_SWIFT_STANDARD_LIBRARIES = YES;
				BUNDLE_LOADER = "$(TEST_HOST)";
				CLANG_ENABLE_MODULES = YES;
				CODE_SIGN_STYLE = Automatic;
				DEVELOPMENT_TEAM = LAU6Z76Q9H;
				INFOPLIST_FILE = FlickrAppTests/Info.plist;
				LD_RUNPATH_SEARCH_PATHS = "$(inherited) @executable_path/Frameworks @loader_path/Frameworks";
				PRODUCT_BUNDLE_IDENTIFIER = kz.bakirov.FlickrAppTests;
				PRODUCT_NAME = "$(TARGET_NAME)";
				SWIFT_OBJC_BRIDGING_HEADER = "FlickrAppTests/FlickrAppTests-Bridging-Header.h";
				SWIFT_OPTIMIZATION_LEVEL = "-Onone";
				SWIFT_VERSION = 3.0;
				TARGETED_DEVICE_FAMILY = "1,2";
				TEST_HOST = "$(BUILT_PRODUCTS_DIR)/FlickrApp.app/FlickrApp";
			};
			name = Debug;
		};
		13E0A4981FC6F2FA00B70863 /* Release */ = {
			isa = XCBuildConfiguration;
			baseConfigurationReference = E9A49CC263C740EF5ED7897B /* Pods-FlickrAppTests.release.xcconfig */;
			buildSettings = {
				ALWAYS_EMBED_SWIFT_STANDARD_LIBRARIES = YES;
				BUNDLE_LOADER = "$(TEST_HOST)";
				CLANG_ENABLE_MODULES = YES;
				CODE_SIGN_STYLE = Automatic;
				DEVELOPMENT_TEAM = LAU6Z76Q9H;
				INFOPLIST_FILE = FlickrAppTests/Info.plist;
				LD_RUNPATH_SEARCH_PATHS = "$(inherited) @executable_path/Frameworks @loader_path/Frameworks";
				PRODUCT_BUNDLE_IDENTIFIER = kz.bakirov.FlickrAppTests;
				PRODUCT_NAME = "$(TARGET_NAME)";
				SWIFT_OBJC_BRIDGING_HEADER = "FlickrAppTests/FlickrAppTests-Bridging-Header.h";
				SWIFT_VERSION = 3.0;
				TARGETED_DEVICE_FAMILY = "1,2";
				TEST_HOST = "$(BUILT_PRODUCTS_DIR)/FlickrApp.app/FlickrApp";
			};
			name = Release;
		};
/* End XCBuildConfiguration section */

/* Begin XCConfigurationList section */
		13E0A45F1FC6F0C500B70863 /* Build configuration list for PBXProject "FlickrApp" */ = {
			isa = XCConfigurationList;
			buildConfigurations = (
				13E0A4781FC6F0C500B70863 /* Debug */,
				13E0A4791FC6F0C500B70863 /* Release */,
			);
			defaultConfigurationIsVisible = 0;
			defaultConfigurationName = Release;
		};
		13E0A47A1FC6F0C500B70863 /* Build configuration list for PBXNativeTarget "FlickrApp" */ = {
			isa = XCConfigurationList;
			buildConfigurations = (
				13E0A47B1FC6F0C500B70863 /* Debug */,
				13E0A47C1FC6F0C500B70863 /* Release */,
			);
			defaultConfigurationIsVisible = 0;
			defaultConfigurationName = Release;
		};
		13E0A4881FC6F2E100B70863 /* Build configuration list for PBXNativeTarget "FlickrAppUITests" */ = {
			isa = XCConfigurationList;
			buildConfigurations = (
				13E0A4891FC6F2E100B70863 /* Debug */,
				13E0A48A1FC6F2E100B70863 /* Release */,
			);
			defaultConfigurationIsVisible = 0;
			defaultConfigurationName = Release;
		};
		13E0A4961FC6F2FA00B70863 /* Build configuration list for PBXNativeTarget "FlickrAppTests" */ = {
			isa = XCConfigurationList;
			buildConfigurations = (
				13E0A4971FC6F2FA00B70863 /* Debug */,
				13E0A4981FC6F2FA00B70863 /* Release */,
			);
			defaultConfigurationIsVisible = 0;
			defaultConfigurationName = Release;
		};
/* End XCConfigurationList section */
	};
	rootObject = 13E0A45C1FC6F0C500B70863 /* Project object */;
}
